
Microsoft Visual Studio Solution File, Format Version 12.00
# Visual Studio Version 16
VisualStudioVersion = 16.0.31624.102
MinimumVisualStudioVersion = 10.0.40219.1
Project("{FAE04EC0-301F-11D3-BF4B-00C04F79EFBC}") = "senai.inlock.webApi", "senai.inlock.webApi.csproj", "{C721A1A0-49E8-46CA-9151-3B13D7DC760D}"
EndProject
Global
	GlobalSection(SolutionConfigurationPlatforms) = preSolution
		Debug|Any CPU = Debug|Any CPU
		Release|Any CPU = Release|Any CPU
	EndGlobalSection
	GlobalSection(ProjectConfigurationPlatforms) = postSolution
		{C721A1A0-49E8-46CA-9151-3B13D7DC760D}.Debug|Any CPU.ActiveCfg = Debug|Any CPU
		{C721A1A0-49E8-46CA-9151-3B13D7DC760D}.Debug|Any CPU.Build.0 = Debug|Any CPU
		{C721A1A0-49E8-46CA-9151-3B13D7DC760D}.Release|Any CPU.ActiveCfg = Release|Any CPU
		{C721A1A0-49E8-46CA-9151-3B13D7DC760D}.Release|Any CPU.Build.0 = Release|Any CPU
	EndGlobalSection
	GlobalSection(SolutionProperties) = preSolution
		HideSolutionNode = FALSE
	EndGlobalSection
	GlobalSection(ExtensibilityGlobals) = postSolution
		SolutionGuid = {86E5711B-ADF3-4B7C-AD2F-6DB106390C5A}
	EndGlobalSection
EndGlobal
